version = 1
revision = 2
requires-python = ">=3.13"

[[package]]
name = "base"
version = "0.1.0"
source = { virtual = "." }
dependencies = [
    { name = "pygame-ce" },
    { name = "pytmx" },
    { name = "ujson" },
]

[package.metadata]
requires-dist = [
    { name = "pygame-ce", specifier = ">=2.5.5" },
    { name = "pytmx", specifier = ">=3.32" },
    { name = "ujson", specifier = ">=5.10.0" },
]

[[package]]
name = "pygame-ce"
version = "2.5.5"
source = { registry = "https://pypi.org/simple" }
sdist = { url = "https://files.pythonhosted.org/packages/c9/be/af69521e694442dbde5db29069953f25367ddacaa50d9ae644745853d37c/pygame_ce-2.5.5.tar.gz", hash = "sha256:a7f297c223c6e35f16d65d47a19757005763ea7e90795ccc37c0bc562364ae6b", size = 5821935, upload-time = "2025-06-07T07:33:03.501Z" }
wheels = [
    { url = "https://files.pythonhosted.org/packages/13/d6/b72511c35d3c3ed07072cee07a1dea34e950375a225d181276c4b2316d3a/pygame_ce-2.5.5-cp313-cp313-macosx_10_13_x86_64.whl", hash = "sha256:32008bef532318c7f8d97fb087a16b44c0d5140969963b6afbf0f9521d18f3dc", size = 12403252, upload-time = "2025-06-07T07:32:00.325Z" },
    { url = "https://files.pythonhosted.org/packages/5d/0e/23b4ea53172d8841cfaee5b5274581b2b7fa96426e6029dda0e37b369f86/pygame_ce-2.5.5-cp313-cp313-macosx_11_0_arm64.whl", hash = "sha256:00004956921641d9dc7e628be77ea7f23333b839e48ec981704b6516537bd67f", size = 11654505, upload-time = "2025-06-07T07:32:02.91Z" },
    { url = "https://files.pythonhosted.org/packages/5c/95/a58928af657fbba391d1691ce66f2afede3e8c65cb021b42e4488f6fd490/pygame_ce-2.5.5-cp313-cp313-manylinux_2_17_aarch64.manylinux2014_aarch64.whl", hash = "sha256:255efe334dc69a78c3b7986b9c893ef86cead5aaf8c61cb6990949b4fca84142", size = 12286043, upload-time = "2025-06-07T07:32:05.147Z" },
    { url = "https://files.pythonhosted.org/packages/5a/61/499b2d078c62c9b91a6ccd2e63805ac884e1715d307d083e54bbbd75a24d/pygame_ce-2.5.5-cp313-cp313-manylinux_2_17_i686.manylinux2014_i686.whl", hash = "sha256:c4b90f01d3ae8ae0f84361480531323bbd06e10be75f4e67478b999b43f8a1f9", size = 12821547, upload-time = "2025-06-07T07:32:07.347Z" },
    { url = "https://files.pythonhosted.org/packages/d7/19/7f9a37b7ff55dc34a8f727b86b89800a1fdb4b1436e601dea66f89764472/pygame_ce-2.5.5-cp313-cp313-manylinux_2_17_x86_64.manylinux2014_x86_64.whl", hash = "sha256:e37bfd4545fb057ce24d06e13d1262989ca0ece3b12010c585130607e3c2bbf8", size = 12463330, upload-time = "2025-06-07T07:32:10.136Z" },
    { url = "https://files.pythonhosted.org/packages/fa/f5/5ad50c34f042bbc135312cd75d86d156bf18f54b72ae8947498acbda8cbd/pygame_ce-2.5.5-cp313-cp313-win32.whl", hash = "sha256:476a1b56b19f5023ddd0512716f11c413c3587b93dfd4aebd40869f261d3b8b7", size = 9799763, upload-time = "2025-06-07T07:32:12.332Z" },
    { url = "https://files.pythonhosted.org/packages/a8/88/89cfcaf55c8ccab5a2d59f206bf7b7d4336c4b27d9b63531a0e274cac817/pygame_ce-2.5.5-cp313-cp313-win_amd64.whl", hash = "sha256:8568fab6d43e23ca209fb860f7d387f2f89bd4047a4fa617ed0951fd9739109c", size = 10376053, upload-time = "2025-06-07T07:32:14.526Z" },
]

[[package]]
name = "pytmx"
version = "3.32"
source = { registry = "https://pypi.org/simple" }
sdist = { url = "https://files.pythonhosted.org/packages/04/4c/b5f720f7b7c4dc601365e1b2464a4434b2c5516ca22c59cb3c26a9ce4947/PyTMX-3.32.tar.gz", hash = "sha256:858fd8338f8e7de0e7967604f008022c26735ab98780b2c5d94d2e2c2f5809ca", size = 28026, upload-time = "2023-06-13T15:46:58.119Z" }
wheels = [
    { url = "https://files.pythonhosted.org/packages/35/e0/fd0a2d2b93599dec876158fe7fccb8c3e8096844a5a4110dd5bc67377128/PyTMX-3.32-py3-none-any.whl", hash = "sha256:4da4c01133dfcb2746cb4e7f46ea1aef21d56119ab044f8f77b9906dea5fbccb", size = 24468, upload-time = "2023-06-13T15:46:56.341Z" },
]

[[package]]
name = "ujson"
version = "5.10.0"
source = { registry = "https://pypi.org/simple" }
sdist = { url = "https://files.pythonhosted.org/packages/f0/00/3110fd566786bfa542adb7932d62035e0c0ef662a8ff6544b6643b3d6fd7/ujson-5.10.0.tar.gz", hash = "sha256:b3cd8f3c5d8c7738257f1018880444f7b7d9b66232c64649f562d7ba86ad4bc1", size = 7154885, upload-time = "2024-05-14T02:02:34.233Z" }
wheels = [
    { url = "https://files.pythonhosted.org/packages/0d/69/b3e3f924bb0e8820bb46671979770c5be6a7d51c77a66324cdb09f1acddb/ujson-5.10.0-cp313-cp313-macosx_10_9_x86_64.whl", hash = "sha256:618efd84dc1acbd6bff8eaa736bb6c074bfa8b8a98f55b61c38d4ca2c1f7f287", size = 55646, upload-time = "2024-05-14T02:01:19.26Z" },
    { url = "https://files.pythonhosted.org/packages/32/8a/9b748eb543c6cabc54ebeaa1f28035b1bd09c0800235b08e85990734c41e/ujson-5.10.0-cp313-cp313-macosx_11_0_arm64.whl", hash = "sha256:38d5d36b4aedfe81dfe251f76c0467399d575d1395a1755de391e58985ab1c2e", size = 51806, upload-time = "2024-05-14T02:01:20.593Z" },
    { url = "https://files.pythonhosted.org/packages/39/50/4b53ea234413b710a18b305f465b328e306ba9592e13a791a6a6b378869b/ujson-5.10.0-cp313-cp313-manylinux_2_17_aarch64.manylinux2014_aarch64.whl", hash = "sha256:67079b1f9fb29ed9a2914acf4ef6c02844b3153913eb735d4bf287ee1db6e557", size = 51975, upload-time = "2024-05-14T02:01:21.904Z" },
    { url = "https://files.pythonhosted.org/packages/b4/9d/8061934f960cdb6dd55f0b3ceeff207fcc48c64f58b43403777ad5623d9e/ujson-5.10.0-cp313-cp313-manylinux_2_17_x86_64.manylinux2014_x86_64.whl", hash = "sha256:d7d0e0ceeb8fe2468c70ec0c37b439dd554e2aa539a8a56365fd761edb418988", size = 53693, upload-time = "2024-05-14T02:01:23.742Z" },
    { url = "https://files.pythonhosted.org/packages/f5/be/7bfa84b28519ddbb67efc8410765ca7da55e6b93aba84d97764cd5794dbc/ujson-5.10.0-cp313-cp313-manylinux_2_5_i686.manylinux1_i686.manylinux_2_17_i686.manylinux2014_i686.whl", hash = "sha256:59e02cd37bc7c44d587a0ba45347cc815fb7a5fe48de16bf05caa5f7d0d2e816", size = 58594, upload-time = "2024-05-14T02:01:25.554Z" },
    { url = "https://files.pythonhosted.org/packages/48/eb/85d465abafb2c69d9699cfa5520e6e96561db787d36c677370e066c7e2e7/ujson-5.10.0-cp313-cp313-musllinux_1_2_aarch64.whl", hash = "sha256:2a890b706b64e0065f02577bf6d8ca3b66c11a5e81fb75d757233a38c07a1f20", size = 997853, upload-time = "2024-05-14T02:01:27.151Z" },
    { url = "https://files.pythonhosted.org/packages/9f/76/2a63409fc05d34dd7d929357b7a45e3a2c96f22b4225cd74becd2ba6c4cb/ujson-5.10.0-cp313-cp313-musllinux_1_2_i686.whl", hash = "sha256:621e34b4632c740ecb491efc7f1fcb4f74b48ddb55e65221995e74e2d00bbff0", size = 1140694, upload-time = "2024-05-14T02:01:29.113Z" },
    { url = "https://files.pythonhosted.org/packages/45/ed/582c4daba0f3e1688d923b5cb914ada1f9defa702df38a1916c899f7c4d1/ujson-5.10.0-cp313-cp313-musllinux_1_2_x86_64.whl", hash = "sha256:b9500e61fce0cfc86168b248104e954fead61f9be213087153d272e817ec7b4f", size = 1043580, upload-time = "2024-05-14T02:01:31.447Z" },
    { url = "https://files.pythonhosted.org/packages/d7/0c/9837fece153051e19c7bade9f88f9b409e026b9525927824cdf16293b43b/ujson-5.10.0-cp313-cp313-win32.whl", hash = "sha256:4c4fc16f11ac1612f05b6f5781b384716719547e142cfd67b65d035bd85af165", size = 38766, upload-time = "2024-05-14T02:01:32.856Z" },
    { url = "https://files.pythonhosted.org/packages/d7/72/6cb6728e2738c05bbe9bd522d6fc79f86b9a28402f38663e85a28fddd4a0/ujson-5.10.0-cp313-cp313-win_amd64.whl", hash = "sha256:4573fd1695932d4f619928fd09d5d03d917274381649ade4328091ceca175539", size = 42212, upload-time = "2024-05-14T02:01:33.97Z" },
]
